
Microsoft Visual Studio Solution File, Format Version 12.00
# Visual Studio 15
VisualStudioVersion = 15.0.26730.16
MinimumVisualStudioVersion = 10.0.40219.1
Project("{FAE04EC0-301F-11D3-BF4B-00C04F79EFBC}") = "KataCoffeMachineConsole", "KataCoffeMachineConsole\KataCoffeMachineConsole.csproj", "{D494DDE5-DC36-4B9A-901C-97D2F12A80AB}"
EndProject
Project("{FAE04EC0-301F-11D3-BF4B-00C04F79EFBC}") = "CoffeeConsoleTest", "CoffeeConsoleTest\CoffeeConsoleTest.csproj", "{371C5E7D-C689-4245-9648-BFA9C57EEC6F}"
EndProject
Global
	GlobalSection(SolutionConfigurationPlatforms) = preSolution
		Debug|Any CPU = Debug|Any CPU
		Release|Any CPU = Release|Any CPU
	EndGlobalSection
	GlobalSection(ProjectConfigurationPlatforms) = postSolution
		{D494DDE5-DC36-4B9A-901C-97D2F12A80AB}.Debug|Any CPU.ActiveCfg = Debug|Any CPU
		{D494DDE5-DC36-4B9A-901C-97D2F12A80AB}.Debug|Any CPU.Build.0 = Debug|Any CPU
		{D494DDE5-DC36-4B9A-901C-97D2F12A80AB}.Release|Any CPU.ActiveCfg = Release|Any CPU
		{D494DDE5-DC36-4B9A-901C-97D2F12A80AB}.Release|Any CPU.Build.0 = Release|Any CPU
		{371C5E7D-C689-4245-9648-BFA9C57EEC6F}.Debug|Any CPU.ActiveCfg = Debug|Any CPU
		{371C5E7D-C689-4245-9648-BFA9C57EEC6F}.Debug|Any CPU.Build.0 = Debug|Any CPU
		{371C5E7D-C689-4245-9648-BFA9C57EEC6F}.Release|Any CPU.ActiveCfg = Release|Any CPU
		{371C5E7D-C689-4245-9648-BFA9C57EEC6F}.Release|Any CPU.Build.0 = Release|Any CPU
	EndGlobalSection
	GlobalSection(SolutionProperties) = preSolution
		HideSolutionNode = FALSE
	EndGlobalSection
	GlobalSection(ExtensibilityGlobals) = postSolution
		SolutionGuid = {3852D171-EEBA-4AC9-95AB-9E786D0C3E09}
	EndGlobalSection
EndGlobal
